
Microsoft Visual Studio Solution File, Format Version 12.00
# Visual Studio Version 17
VisualStudioVersion = 17.14.37111.16 d17.14
MinimumVisualStudioVersion = 10.0.40219.1
Project("{FAE04EC0-301F-11D3-BF4B-00C04F79EFBC}") = "StjacksAssistens", "StjacksAssistens\StjacksAssistens.csproj", "{709B9BC1-842A-481D-89C8-6290E035E7E4}"
EndProject
Global
	GlobalSection(SolutionConfigurationPlatforms) = preSolution
		Debug|Any CPU = Debug|Any CPU
		Release|Any CPU = Release|Any CPU
	EndGlobalSection
	GlobalSection(ProjectConfigurationPlatforms) = postSolution
		{709B9BC1-842A-481D-89C8-6290E035E7E4}.Debug|Any CPU.ActiveCfg = Debug|Any CPU
		{709B9BC1-842A-481D-89C8-6290E035E7E4}.Debug|Any CPU.Build.0 = Debug|Any CPU
		{709B9BC1-842A-481D-89C8-6290E035E7E4}.Release|Any CPU.ActiveCfg = Release|Any CPU
		{709B9BC1-842A-481D-89C8-6290E035E7E4}.Release|Any CPU.Build.0 = Release|Any CPU
	EndGlobalSection
	GlobalSection(SolutionProperties) = preSolution
		HideSolutionNode = FALSE
	EndGlobalSection
	GlobalSection(ExtensibilityGlobals) = postSolution
		SolutionGuid = {3C063224-2861-4B64-B015-AC42516A1053}
	EndGlobalSection
EndGlobal
